{
  "projects": [
    {
      "projectId": "seaQhLVS4bbjiGvJJrRwyL",
      "version": "15.0.3",
      "dependencies": {},
      "lang": "js",
      "fileLocks": [
        {
          "assetId": "seaQhLVS4bbjiGvJJrRwyL",
          "type": "projectCss",
          "checksum": "85f7ca190f576c5a2499623973afb625"
        }
      ]
    },
    {
      "projectId": "4MakZHdQd3q95LRebgUZR3",
      "version": "latest",
      "dependencies": {
        "seaQhLVS4bbjiGvJJrRwyL": "15.0.3"
      },
      "lang": "js",
      "fileLocks": [
        {
          "type": "globalVariant",
          "assetId": "qTQ4juqycoIA",
          "checksum": "35b03d86b0ad204502a69d2a964ebcaa"
        },
        {
          "assetId": "4MakZHdQd3q95LRebgUZR3",
          "type": "projectCss",
          "checksum": "70705cf47eb848c638ce4b543a447046"
        },
        {
          "type": "renderModule",
          "assetId": "JoioO9NxLFc",
          "checksum": "26b4d527d3d515e7472b383435d3d3ef"
        },
        {
          "type": "cssRules",
          "assetId": "JoioO9NxLFc",
          "checksum": "26b4d527d3d515e7472b383435d3d3ef"
        },
        {
          "type": "renderModule",
          "assetId": "gbTCQpu_SUx",
          "checksum": "15a50d47389ab7b69f463420f4a2d974"
        },
        {
          "type": "cssRules",
          "assetId": "gbTCQpu_SUx",
          "checksum": "15a50d47389ab7b69f463420f4a2d974"
        },
        {
          "type": "renderModule",
          "assetId": "N8vfYrtWIAZ",
          "checksum": "73c9623452deeb744ad58d513ac89c1d"
        },
        {
          "type": "cssRules",
          "assetId": "N8vfYrtWIAZ",
          "checksum": "73c9623452deeb744ad58d513ac89c1d"
        },
        {
          "type": "renderModule",
          "assetId": "0IttGat2HlU",
          "checksum": "24eca32053d3a081d90e89744e55d3f4"
        },
        {
          "type": "cssRules",
          "assetId": "0IttGat2HlU",
          "checksum": "24eca32053d3a081d90e89744e55d3f4"
        },
        {
          "type": "renderModule",
          "assetId": "Jj_4dlK2F0r",
          "checksum": "f353d0d63f27ab764242337703cef5eb"
        },
        {
          "type": "cssRules",
          "assetId": "Jj_4dlK2F0r",
          "checksum": "f353d0d63f27ab764242337703cef5eb"
        },
        {
          "type": "renderModule",
          "assetId": "S-miPNfQ95y",
          "checksum": "1061b9127594fd3f45c403250f7c7ade"
        },
        {
          "type": "cssRules",
          "assetId": "S-miPNfQ95y",
          "checksum": "1061b9127594fd3f45c403250f7c7ade"
        },
        {
          "type": "renderModule",
          "assetId": "YAVEsIb01Kc",
          "checksum": "0ed7554117019143f484b75a3200bb43"
        },
        {
          "type": "cssRules",
          "assetId": "YAVEsIb01Kc",
          "checksum": "0ed7554117019143f484b75a3200bb43"
        },
        {
          "type": "renderModule",
          "assetId": "wvPVj91upwt",
          "checksum": "a127ca58f987a1193da445273aa1773f"
        },
        {
          "type": "cssRules",
          "assetId": "wvPVj91upwt",
          "checksum": "a127ca58f987a1193da445273aa1773f"
        },
        {
          "type": "renderModule",
          "assetId": "shlIeUwhZVPb",
          "checksum": "943df47ed6d3d915ea417744bd8c4b87"
        },
        {
          "type": "cssRules",
          "assetId": "shlIeUwhZVPb",
          "checksum": "943df47ed6d3d915ea417744bd8c4b87"
        },
        {
          "type": "renderModule",
          "assetId": "OV71c8Rk6knB",
          "checksum": "0834fa04d73fac9854db0c80c611c884"
        },
        {
          "type": "cssRules",
          "assetId": "OV71c8Rk6knB",
          "checksum": "0834fa04d73fac9854db0c80c611c884"
        },
        {
          "type": "renderModule",
          "assetId": "8TemerfK_upW",
          "checksum": "3ca1d27395da6fdbd9a3a090d00ec7a4"
        },
        {
          "type": "cssRules",
          "assetId": "8TemerfK_upW",
          "checksum": "3ca1d27395da6fdbd9a3a090d00ec7a4"
        },
        {
          "type": "renderModule",
          "assetId": "qIycQPyIy1Fr",
          "checksum": "e0650e79830dae9d5073d446088cb1c9"
        },
        {
          "type": "cssRules",
          "assetId": "qIycQPyIy1Fr",
          "checksum": "e0650e79830dae9d5073d446088cb1c9"
        },
        {
          "type": "renderModule",
          "assetId": "OyskBcF8tcOU",
          "checksum": "5edbccaefa2895a0c473c3c56d4d1a13"
        },
        {
          "type": "cssRules",
          "assetId": "OyskBcF8tcOU",
          "checksum": "5edbccaefa2895a0c473c3c56d4d1a13"
        },
        {
          "type": "renderModule",
          "assetId": "zZla4dtjQ0yp",
          "checksum": "a7a9c1420e0874316c9f02d6d74c8bf7"
        },
        {
          "type": "cssRules",
          "assetId": "zZla4dtjQ0yp",
          "checksum": "a7a9c1420e0874316c9f02d6d74c8bf7"
        },
        {
          "type": "renderModule",
          "assetId": "-GajfWeM6R9r",
          "checksum": "0e91f064687d572ab4d07882a386d34a"
        },
        {
          "type": "cssRules",
          "assetId": "-GajfWeM6R9r",
          "checksum": "0e91f064687d572ab4d07882a386d34a"
        },
        {
          "type": "renderModule",
          "assetId": "d5mixM9aNL8G",
          "checksum": "e1344e2001b3ae6d52b9c933cea95c08"
        },
        {
          "type": "cssRules",
          "assetId": "d5mixM9aNL8G",
          "checksum": "e1344e2001b3ae6d52b9c933cea95c08"
        },
        {
          "type": "renderModule",
          "assetId": "pMZzNAwcMUTO",
          "checksum": "f049e48fd92f402449943d0123354b81"
        },
        {
          "type": "cssRules",
          "assetId": "pMZzNAwcMUTO",
          "checksum": "f049e48fd92f402449943d0123354b81"
        },
        {
          "type": "icon",
          "assetId": "HCguOAamimgn",
          "checksum": "a38cbef50377d8ee1d9fd66e5c903a3f"
        },
        {
          "type": "icon",
          "assetId": "k3gCfgPHzobo",
          "checksum": "63d60aa50331639d9e8c425224eb9887"
        },
        {
          "type": "icon",
          "assetId": "wcVw_Rc9YZT5",
          "checksum": "d8f67f0d26c2059d88f38960b54b237b"
        },
        {
          "type": "icon",
          "assetId": "HbVsNGPxS--w",
          "checksum": "a21d219abf2f0740b97db2b9c6d6e37d"
        },
        {
          "type": "icon",
          "assetId": "O2_Rwo92kIQb",
          "checksum": "29e1bb9d1a45b941dab8bd8b85cb8488"
        },
        {
          "type": "icon",
          "assetId": "zecC-M8go-fG",
          "checksum": "2b1bbe0e63ba00dba8f1a3734b3e6274"
        },
        {
          "type": "icon",
          "assetId": "hVfjQQBuc0C8",
          "checksum": "d53dcc5d08198980716ac7e547813d26"
        },
        {
          "type": "icon",
          "assetId": "wsnt_x5prjiS",
          "checksum": "1a84556b594a5ed50252153e7f9f2ca4"
        },
        {
          "type": "icon",
          "assetId": "68ZIT6ytFyLK",
          "checksum": "94592861d689cae34536841ad968ee46"
        },
        {
          "type": "icon",
          "assetId": "moRxsigTATnb",
          "checksum": "07c28e9701e6d789a5a5ea8f9c1d194f"
        },
        {
          "type": "icon",
          "assetId": "bG4U0kQsNb9Z",
          "checksum": "7798d4ef55304607ea648f692fff6977"
        },
        {
          "type": "icon",
          "assetId": "xVq6X3JVhwJc",
          "checksum": "db64dd0a7be2ffc31fe71f49605998a9"
        },
        {
          "type": "icon",
          "assetId": "x1HzqbIxOqhl",
          "checksum": "b42dda186a3b5ed1e042a0e1bb9eaaf2"
        },
        {
          "type": "icon",
          "assetId": "JP9uZ7PFpCwB",
          "checksum": "d3a0ca514aaa4d3ef13e47228aca7560"
        },
        {
          "type": "icon",
          "assetId": "87l4PrHNy1iY",
          "checksum": "4d2f18c2c3882588db26b25886fe2198"
        },
        {
          "type": "icon",
          "assetId": "e-6C4qapzoHr",
          "checksum": "be50830b0f71598a026481823d71ea6a"
        },
        {
          "type": "icon",
          "assetId": "4SfhmKN5Z3IH",
          "checksum": "d79a2940bd84e65faf497ad082d327fa"
        },
        {
          "type": "icon",
          "assetId": "FZyzobv4zIQN",
          "checksum": "62747794eec380127fb49bfc952c1675"
        },
        {
          "type": "icon",
          "assetId": "FU3dWz1ymz8b",
          "checksum": "752bd05b1c3e42fa2aa7c616a8f74fb0"
        },
        {
          "type": "icon",
          "assetId": "soYes3W_TUIy",
          "checksum": "c2d0809b8ca1c7254de9babf3b0362fb"
        },
        {
          "type": "image",
          "assetId": "7SzcgANUMM5h",
          "checksum": "054437727dccceb379e87b03e55d6012"
        },
        {
          "type": "image",
          "assetId": "YSPzRTDqyxq-",
          "checksum": "64949703182d804306e5114afa7cb4e7"
        },
        {
          "type": "image",
          "assetId": "kdEhF_-MzWyn",
          "checksum": "393ad51d42492b89dcc4f0a899f45939"
        },
        {
          "type": "image",
          "assetId": "YPtpbI8w5QRP",
          "checksum": "b75bf9f0b05e746a5af66376a8ef6d05"
        }
      ]
    }
  ],
  "cliVersion": "0.1.158"
}
